{
  "name": "cookbook-scrapper",
  "version": "1.0.0",
  "lockfileVersion": 2,
  "requires": true,
  "packages": {
    "": {
      "name": "cookbook-scrapper",
      "version": "1.0.0",
      "license": "ISC",
      "dependencies": {
        "bun": "^1.0.21",
        "playwright": "^1.40.1"
      },
      "devDependencies": {
        "@types/bun": "latest"
      },
      "peerDependencies": {
        "typescript": "^5.3.3"
      }
    },
    "node_modules/@oven/bun-darwin-aarch64": {
      "version": "1.0.21",
      "resolved": "https://registry.npmjs.org/@oven/bun-darwin-aarch64/-/bun-darwin-aarch64-1.0.21.tgz",
      "integrity": "sha512-OdYWsGdKHkZHomO+NgASW+WfUeGBWiaiOFPBP+q/bZVuik6LmGsk0KbnTZB02wxe3lvDxJHdxaYzQe+x5WbW6g==",
      "cpu": [
        "arm64"
      ],
      "optional": true,
      "os": [
        "darwin"
      ]
    },
    "node_modules/@oven/bun-darwin-x64": {
      "version": "1.0.21",
      "resolved": "https://registry.npmjs.org/@oven/bun-darwin-x64/-/bun-darwin-x64-1.0.21.tgz",
      "integrity": "sha512-PAiLNFMMFX9bBNnVfbM1msYlhU48r7ef9QpNbyf/hauJKFOhL48JTLFpRkq775E63BxAMO1lIKH8J1/8Nuzj3A==",
      "cpu": [
        "x64"
      ],
      "optional": true,
      "os": [
        "darwin"
      ]
    },
    "node_modules/@oven/bun-darwin-x64-baseline": {
      "version": "1.0.21",
      "resolved": "https://registry.npmjs.org/@oven/bun-darwin-x64-baseline/-/bun-darwin-x64-baseline-1.0.21.tgz",
      "integrity": "sha512-NYuDJ523Ax27xwH+GJpxfD1rXhdCkO4PL5U9wxyi/Ky5YnQWfNgnr4dyLaWs58bq6pjwaB0PhqW+HsKztX5csg==",
      "cpu": [
        "x64"
      ],
      "optional": true,
      "os": [
        "darwin"
      ]
    },
    "node_modules/@oven/bun-linux-aarch64": {
      "version": "1.0.21",
      "resolved": "https://registry.npmjs.org/@oven/bun-linux-aarch64/-/bun-linux-aarch64-1.0.21.tgz",
      "integrity": "sha512-m9AfJSg+I2na6MUoT5+gjCjARK7tQNDDVNIKbUuEE++6Y1j8MB8SgIYFurS8BLsQ//dxf1KfC1jkdcW+q62NRg==",
      "cpu": [
        "arm64"
      ],
      "optional": true,
      "os": [
        "linux"
      ]
    },
    "node_modules/@oven/bun-linux-x64": {
      "version": "1.0.21",
      "resolved": "https://registry.npmjs.org/@oven/bun-linux-x64/-/bun-linux-x64-1.0.21.tgz",
      "integrity": "sha512-OBRi+goiCYlhFLOjw/FBREG7ku20rV7DFACAsx6QWepV4QXM6mXBzwXwjUSneI2VLILUNO5ohyqFG6RmS8hG5w==",
      "cpu": [
        "x64"
      ],
      "optional": true,
      "os": [
        "linux"
      ]
    },
    "node_modules/@oven/bun-linux-x64-baseline": {
      "version": "1.0.21",
      "resolved": "https://registry.npmjs.org/@oven/bun-linux-x64-baseline/-/bun-linux-x64-baseline-1.0.21.tgz",
      "integrity": "sha512-F9R8qoxOij7PLi05tWJX6j/i5mJHiHe/cIEawHJy/S+YqU3mtVo0vqJa9bErVJz14CKQStTgIuREDFH+39qdXA==",
      "cpu": [
        "x64"
      ],
      "optional": true,
      "os": [
        "linux"
      ]
    },
    "node_modules/@types/bun": {
      "version": "1.0.0",
      "resolved": "https://registry.npmjs.org/@types/bun/-/bun-1.0.0.tgz",
      "integrity": "sha512-TPI/aImv/fSo0SWlt29wq0tWRqQOWsC4FOXYeUK0Ni6tAS+FqJZ2p7QCGY4hmHaHQeE2KhKJ6Qn9k3kvFfXD3Q==",
      "dev": true,
      "dependencies": {
        "bun-types": "1.0.18"
      }
    },
    "node_modules/bun": {
      "version": "1.0.21",
      "resolved": "https://registry.npmjs.org/bun/-/bun-1.0.21.tgz",
      "integrity": "sha512-KqiXg0N6+SWgyh4QpCKIYlsli6wB7P/jX7tSUpE8jOdp5dPztQpId/Hx6wJ3ZAXGOr0gd56eMQf7TY9EnAyuzQ==",
      "cpu": [
        "arm64",
        "x64"
      ],
      "hasInstallScript": true,
      "os": [
        "darwin",
        "linux"
      ],
      "bin": {
        "bun": "bin/bun",
        "bunx": "bin/bun"
      },
      "optionalDependencies": {
        "@oven/bun-darwin-aarch64": "1.0.21",
        "@oven/bun-darwin-x64": "1.0.21",
        "@oven/bun-darwin-x64-baseline": "1.0.21",
        "@oven/bun-linux-aarch64": "1.0.21",
        "@oven/bun-linux-x64": "1.0.21",
        "@oven/bun-linux-x64-baseline": "1.0.21"
      }
    },
    "node_modules/bun-types": {
      "version": "1.0.18",
      "resolved": "https://registry.npmjs.org/bun-types/-/bun-types-1.0.18.tgz",
      "integrity": "sha512-1XZ7AxOF8oO8FZtw1xj006JAKxEjulK3dUhsktZVN95vXBlsf4NIjQxfistVdpt24v3H2I9BwHp+UU+gXSSpAw==",
      "dev": true
    },
    "node_modules/fsevents": {
      "version": "2.3.2",
      "resolved": "https://registry.npmjs.org/fsevents/-/fsevents-2.3.2.tgz",
      "integrity": "sha512-xiqMQR4xAeHTuB9uWm+fFRcIOgKBMiOBP+eXiyT7jsgVCq1bkVygt00oASowB7EdtpOHaaPgKt812P9ab+DDKA==",
      "hasInstallScript": true,
      "optional": true,
      "os": [
        "darwin"
      ],
      "engines": {
        "node": "^8.16.0 || ^10.6.0 || >=11.0.0"
      }
    },
    "node_modules/playwright": {
      "version": "1.40.1",
      "resolved": "https://registry.npmjs.org/playwright/-/playwright-1.40.1.tgz",
      "integrity": "sha512-2eHI7IioIpQ0bS1Ovg/HszsN/XKNwEG1kbzSDDmADpclKc7CyqkHw7Mg2JCz/bbCxg25QUPcjksoMW7JcIFQmw==",
      "dependencies": {
        "playwright-core": "1.40.1"
      },
      "bin": {
        "playwright": "cli.js"
      },
      "engines": {
        "node": ">=16"
      },
      "optionalDependencies": {
        "fsevents": "2.3.2"
      }
    },
    "node_modules/playwright-core": {
      "version": "1.40.1",
      "resolved": "https://registry.npmjs.org/playwright-core/-/playwright-core-1.40.1.tgz",
      "integrity": "sha512-+hkOycxPiV534c4HhpfX6yrlawqVUzITRKwHAmYfmsVreltEl6fAZJ3DPfLMOODw0H3s1Itd6MDCWmP1fl/QvQ==",
      "bin": {
        "playwright-core": "cli.js"
      },
      "engines": {
        "node": ">=16"
      }
    },
    "node_modules/typescript": {
      "version": "5.3.3",
      "resolved": "https://registry.npmjs.org/typescript/-/typescript-5.3.3.tgz",
      "integrity": "sha512-pXWcraxM0uxAS+tN0AG/BF2TyqmHO014Z070UsJ+pFvYuRSq8KH8DmWpnbXe0pEPDHXZV3FcAbJkijJ5oNEnWw==",
      "peer": true,
      "bin": {
        "tsc": "bin/tsc",
        "tsserver": "bin/tsserver"
      },
      "engines": {
        "node": ">=14.17"
      }
    }
  },
  "dependencies": {
    "@oven/bun-darwin-aarch64": {
      "version": "1.0.21",
      "resolved": "https://registry.npmjs.org/@oven/bun-darwin-aarch64/-/bun-darwin-aarch64-1.0.21.tgz",
      "integrity": "sha512-OdYWsGdKHkZHomO+NgASW+WfUeGBWiaiOFPBP+q/bZVuik6LmGsk0KbnTZB02wxe3lvDxJHdxaYzQe+x5WbW6g==",
      "optional": true
    },
    "@oven/bun-darwin-x64": {
      "version": "1.0.21",
      "resolved": "https://registry.npmjs.org/@oven/bun-darwin-x64/-/bun-darwin-x64-1.0.21.tgz",
      "integrity": "sha512-PAiLNFMMFX9bBNnVfbM1msYlhU48r7ef9QpNbyf/hauJKFOhL48JTLFpRkq775E63BxAMO1lIKH8J1/8Nuzj3A==",
      "optional": true
    },
    "@oven/bun-darwin-x64-baseline": {
      "version": "1.0.21",
      "resolved": "https://registry.npmjs.org/@oven/bun-darwin-x64-baseline/-/bun-darwin-x64-baseline-1.0.21.tgz",
      "integrity": "sha512-NYuDJ523Ax27xwH+GJpxfD1rXhdCkO4PL5U9wxyi/Ky5YnQWfNgnr4dyLaWs58bq6pjwaB0PhqW+HsKztX5csg==",
      "optional": true
    },
    "@oven/bun-linux-aarch64": {
      "version": "1.0.21",
      "resolved": "https://registry.npmjs.org/@oven/bun-linux-aarch64/-/bun-linux-aarch64-1.0.21.tgz",
      "integrity": "sha512-m9AfJSg+I2na6MUoT5+gjCjARK7tQNDDVNIKbUuEE++6Y1j8MB8SgIYFurS8BLsQ//dxf1KfC1jkdcW+q62NRg==",
      "optional": true
    },
    "@oven/bun-linux-x64": {
      "version": "1.0.21",
      "resolved": "https://registry.npmjs.org/@oven/bun-linux-x64/-/bun-linux-x64-1.0.21.tgz",
      "integrity": "sha512-OBRi+goiCYlhFLOjw/FBREG7ku20rV7DFACAsx6QWepV4QXM6mXBzwXwjUSneI2VLILUNO5ohyqFG6RmS8hG5w==",
      "optional": true
    },
    "@oven/bun-linux-x64-baseline": {
      "version": "1.0.21",
      "resolved": "https://registry.npmjs.org/@oven/bun-linux-x64-baseline/-/bun-linux-x64-baseline-1.0.21.tgz",
      "integrity": "sha512-F9R8qoxOij7PLi05tWJX6j/i5mJHiHe/cIEawHJy/S+YqU3mtVo0vqJa9bErVJz14CKQStTgIuREDFH+39qdXA==",
      "optional": true
    },
    "@types/bun": {
      "version": "1.0.0",
      "resolved": "https://registry.npmjs.org/@types/bun/-/bun-1.0.0.tgz",
      "integrity": "sha512-TPI/aImv/fSo0SWlt29wq0tWRqQOWsC4FOXYeUK0Ni6tAS+FqJZ2p7QCGY4hmHaHQeE2KhKJ6Qn9k3kvFfXD3Q==",
      "dev": true,
      "requires": {
        "bun-types": "1.0.18"
      }
    },
    "bun": {
      "version": "1.0.21",
      "resolved": "https://registry.npmjs.org/bun/-/bun-1.0.21.tgz",
      "integrity": "sha512-KqiXg0N6+SWgyh4QpCKIYlsli6wB7P/jX7tSUpE8jOdp5dPztQpId/Hx6wJ3ZAXGOr0gd56eMQf7TY9EnAyuzQ==",
      "requires": {
        "@oven/bun-darwin-aarch64": "1.0.21",
        "@oven/bun-darwin-x64": "1.0.21",
        "@oven/bun-darwin-x64-baseline": "1.0.21",
        "@oven/bun-linux-aarch64": "1.0.21",
        "@oven/bun-linux-x64": "1.0.21",
        "@oven/bun-linux-x64-baseline": "1.0.21"
      }
    },
    "bun-types": {
      "version": "1.0.18",
      "resolved": "https://registry.npmjs.org/bun-types/-/bun-types-1.0.18.tgz",
      "integrity": "sha512-1XZ7AxOF8oO8FZtw1xj006JAKxEjulK3dUhsktZVN95vXBlsf4NIjQxfistVdpt24v3H2I9BwHp+UU+gXSSpAw==",
      "dev": true
    },
    "fsevents": {
      "version": "2.3.2",
      "resolved": "https://registry.npmjs.org/fsevents/-/fsevents-2.3.2.tgz",
      "integrity": "sha512-xiqMQR4xAeHTuB9uWm+fFRcIOgKBMiOBP+eXiyT7jsgVCq1bkVygt00oASowB7EdtpOHaaPgKt812P9ab+DDKA==",
      "optional": true
    },
    "playwright": {
      "version": "1.40.1",
      "resolved": "https://registry.npmjs.org/playwright/-/playwright-1.40.1.tgz",
      "integrity": "sha512-2eHI7IioIpQ0bS1Ovg/HszsN/XKNwEG1kbzSDDmADpclKc7CyqkHw7Mg2JCz/bbCxg25QUPcjksoMW7JcIFQmw==",
      "requires": {
        "fsevents": "2.3.2",
        "playwright-core": "1.40.1"
      }
    },
    "playwright-core": {
      "version": "1.40.1",
      "resolved": "https://registry.npmjs.org/playwright-core/-/playwright-core-1.40.1.tgz",
      "integrity": "sha512-+hkOycxPiV534c4HhpfX6yrlawqVUzITRKwHAmYfmsVreltEl6fAZJ3DPfLMOODw0H3s1Itd6MDCWmP1fl/QvQ=="
    },
    "typescript": {
      "version": "5.3.3",
      "resolved": "https://registry.npmjs.org/typescript/-/typescript-5.3.3.tgz",
      "integrity": "sha512-pXWcraxM0uxAS+tN0AG/BF2TyqmHO014Z070UsJ+pFvYuRSq8KH8DmWpnbXe0pEPDHXZV3FcAbJkijJ5oNEnWw==",
      "peer": true
    }
  }
}
